
Microsoft Visual Studio Solution File, Format Version 12.00
# Visual Studio 2015
Project("{FAE04EC0-301F-11D3-BF4B-00C04F79EFBC}") = "GraphicsTerm.CSharp.Plugins", "GraphicsTerm.CSharp.Plugins.csproj", "{AEA2A516-E6B2-12E0-EB9B-B52E4CD74C68}"
EndProject
Project("{FAE04EC0-301F-11D3-BF4B-00C04F79EFBC}") = "GraphicsTerm.CSharp", "GraphicsTerm.CSharp.csproj", "{69F75F3E-44AD-7D2E-3C05-E53571FDA0D5}"
EndProject
Project("{FAE04EC0-301F-11D3-BF4B-00C04F79EFBC}") = "GraphicsTerm.CSharp.Editor", "GraphicsTerm.CSharp.Editor.csproj", "{40814A37-26B7-9E51-5AA9-9D58FF95B601}"
EndProject
Global
	GlobalSection(SolutionConfigurationPlatforms) = preSolution
		Debug|Any CPU = Debug|Any CPU
		Release|Any CPU = Release|Any CPU
	EndGlobalSection
	GlobalSection(ProjectConfigurationPlatforms) = postSolution
		{AEA2A516-E6B2-12E0-EB9B-B52E4CD74C68}.Debug|Any CPU.ActiveCfg = Debug|Any CPU
		{AEA2A516-E6B2-12E0-EB9B-B52E4CD74C68}.Debug|Any CPU.Build.0 = Debug|Any CPU
		{AEA2A516-E6B2-12E0-EB9B-B52E4CD74C68}.Release|Any CPU.ActiveCfg = Release|Any CPU
		{AEA2A516-E6B2-12E0-EB9B-B52E4CD74C68}.Release|Any CPU.Build.0 = Release|Any CPU
		{69F75F3E-44AD-7D2E-3C05-E53571FDA0D5}.Debug|Any CPU.ActiveCfg = Debug|Any CPU
		{69F75F3E-44AD-7D2E-3C05-E53571FDA0D5}.Debug|Any CPU.Build.0 = Debug|Any CPU
		{69F75F3E-44AD-7D2E-3C05-E53571FDA0D5}.Release|Any CPU.ActiveCfg = Release|Any CPU
		{69F75F3E-44AD-7D2E-3C05-E53571FDA0D5}.Release|Any CPU.Build.0 = Release|Any CPU
		{40814A37-26B7-9E51-5AA9-9D58FF95B601}.Debug|Any CPU.ActiveCfg = Debug|Any CPU
		{40814A37-26B7-9E51-5AA9-9D58FF95B601}.Debug|Any CPU.Build.0 = Debug|Any CPU
		{40814A37-26B7-9E51-5AA9-9D58FF95B601}.Release|Any CPU.ActiveCfg = Release|Any CPU
		{40814A37-26B7-9E51-5AA9-9D58FF95B601}.Release|Any CPU.Build.0 = Release|Any CPU
	EndGlobalSection
	GlobalSection(SolutionProperties) = preSolution
		HideSolutionNode = FALSE
	EndGlobalSection
EndGlobal
